
Microsoft Visual Studio Solution File, Format Version 12.00
# Visual Studio Version 16
VisualStudioVersion = 16.0.31911.196
MinimumVisualStudioVersion = 10.0.40219.1
Project("{9A19103F-16F7-4668-BE54-9A1E7A4F7556}") = "ServerRoomMonitoring.Generator", "ServerRoomMonitoring.Generator.csproj", "{475B929C-691F-48BD-83F0-EB9F239720AA}"
EndProject
Project("{9A19103F-16F7-4668-BE54-9A1E7A4F7556}") = "ServerRoomLibrary", "..\ServerRoomLibrary\ServerRoomLibrary.csproj", "{6B974A77-3B31-40EC-AFEF-467CF0CC7481}"
EndProject
Global
	GlobalSection(SolutionConfigurationPlatforms) = preSolution
		Debug|Any CPU = Debug|Any CPU
		Release|Any CPU = Release|Any CPU
	EndGlobalSection
	GlobalSection(ProjectConfigurationPlatforms) = postSolution
		{475B929C-691F-48BD-83F0-EB9F239720AA}.Debug|Any CPU.ActiveCfg = Debug|Any CPU
		{475B929C-691F-48BD-83F0-EB9F239720AA}.Debug|Any CPU.Build.0 = Debug|Any CPU
		{475B929C-691F-48BD-83F0-EB9F239720AA}.Release|Any CPU.ActiveCfg = Release|Any CPU
		{475B929C-691F-48BD-83F0-EB9F239720AA}.Release|Any CPU.Build.0 = Release|Any CPU
		{6B974A77-3B31-40EC-AFEF-467CF0CC7481}.Debug|Any CPU.ActiveCfg = Debug|Any CPU
		{6B974A77-3B31-40EC-AFEF-467CF0CC7481}.Debug|Any CPU.Build.0 = Debug|Any CPU
		{6B974A77-3B31-40EC-AFEF-467CF0CC7481}.Release|Any CPU.ActiveCfg = Release|Any CPU
		{6B974A77-3B31-40EC-AFEF-467CF0CC7481}.Release|Any CPU.Build.0 = Release|Any CPU
	EndGlobalSection
	GlobalSection(SolutionProperties) = preSolution
		HideSolutionNode = FALSE
	EndGlobalSection
	GlobalSection(ExtensibilityGlobals) = postSolution
		SolutionGuid = {5EDCF3EF-D8F1-47A0-932B-400F568AA035}
	EndGlobalSection
EndGlobal
